
Microsoft Visual Studio Solution File, Format Version 12.00
# Visual Studio Version 17
VisualStudioVersion = 17.14.36915.13 d17.14
MinimumVisualStudioVersion = 10.0.40219.1
Project("{FAE04EC0-301F-11D3-BF4B-00C04F79EFBC}") = "Dimakotso Construction", "Dimakotso Construction\Dimakotso Construction.csproj", "{0039F6D5-56D4-41D2-BF1F-22D8FB734139}"
EndProject
Global
	GlobalSection(SolutionConfigurationPlatforms) = preSolution
		Debug|Any CPU = Debug|Any CPU
		Release|Any CPU = Release|Any CPU
	EndGlobalSection
	GlobalSection(ProjectConfigurationPlatforms) = postSolution
		{0039F6D5-56D4-41D2-BF1F-22D8FB734139}.Debug|Any CPU.ActiveCfg = Debug|Any CPU
		{0039F6D5-56D4-41D2-BF1F-22D8FB734139}.Debug|Any CPU.Build.0 = Debug|Any CPU
		{0039F6D5-56D4-41D2-BF1F-22D8FB734139}.Release|Any CPU.ActiveCfg = Release|Any CPU
		{0039F6D5-56D4-41D2-BF1F-22D8FB734139}.Release|Any CPU.Build.0 = Release|Any CPU
	EndGlobalSection
	GlobalSection(SolutionProperties) = preSolution
		HideSolutionNode = FALSE
	EndGlobalSection
	GlobalSection(ExtensibilityGlobals) = postSolution
		SolutionGuid = {E423B8F4-3F67-4DD2-A611-B1377502D045}
	EndGlobalSection
EndGlobal
